
Microsoft Visual Studio Solution File, Format Version 12.00
# Visual Studio 2012
Project("{FAE04EC0-301F-11D3-BF4B-00C04F79EFBC}") = "ITS.Web", "ITS\ITS.Web.csproj", "{02E580E1-F061-470A-BE72-E5A34DA40798}"
	ProjectSection(ProjectDependencies) = postProject
		{C94F8E1B-1115-49E9-89A2-1A56B990E0AE} = {C94F8E1B-1115-49E9-89A2-1A56B990E0AE}
		{B33B0324-1E86-4B8D-B187-9E9765CA5CE7} = {B33B0324-1E86-4B8D-B187-9E9765CA5CE7}
		{9CBA572E-1676-4555-97B2-CE2F5BDD930B} = {9CBA572E-1676-4555-97B2-CE2F5BDD930B}
		{98623E3E-1C36-49DB-A454-2F6218F49BD4} = {98623E3E-1C36-49DB-A454-2F6218F49BD4}
		{3D7D7D4E-454D-4FB0-8FAC-F1897978C329} = {3D7D7D4E-454D-4FB0-8FAC-F1897978C329}
		{20B38656-C9EE-41E7-8920-155621714C29} = {20B38656-C9EE-41E7-8920-155621714C29}
		{DA2C329D-6245-474E-A221-06F9C9F55A2F} = {DA2C329D-6245-474E-A221-06F9C9F55A2F}
		{C1AC06FD-F3DB-4BEE-BD78-9FA8CFD81A30} = {C1AC06FD-F3DB-4BEE-BD78-9FA8CFD81A30}
	EndProjectSection
EndProject
Project("{2150E333-8FDC-42A3-9474-1A3956D46DE8}") = "Infrastructure", "Infrastructure", "{0515103C-3C88-46E5-89F7-478EE69EC534}"
EndProject
Project("{2150E333-8FDC-42A3-9474-1A3956D46DE8}") = "Web", "Web", "{1EC48EF7-73BE-48F2-8650-984186F9F61C}"
EndProject
Project("{2150E333-8FDC-42A3-9474-1A3956D46DE8}") = "Domain", "Domain", "{3157F93D-4EFB-4AA1-83BE-BF676FF77AEA}"
EndProject
Project("{FAE04EC0-301F-11D3-BF4B-00C04F79EFBC}") = "ITS.Domain.Models", "ITS.Domain.Models\ITS.Domain.Models.csproj", "{3D7D7D4E-454D-4FB0-8FAC-F1897978C329}"
EndProject
Project("{FAE04EC0-301F-11D3-BF4B-00C04F79EFBC}") = "ITS.Domain.ViewModels", "ITS.Domain.ViewModels\ITS.Domain.ViewModels.csproj", "{C1AC06FD-F3DB-4BEE-BD78-9FA8CFD81A30}"
EndProject
Project("{FAE04EC0-301F-11D3-BF4B-00C04F79EFBC}") = "ITS.Infrastructure.Global", "ITS.Infrastructure.Global\ITS.Infrastructure.Global.csproj", "{C94F8E1B-1115-49E9-89A2-1A56B990E0AE}"
EndProject
Project("{FAE04EC0-301F-11D3-BF4B-00C04F79EFBC}") = "ITS.Infrastructure.Base", "ITS.Infrastructure.Base\ITS.Infrastructure.Base.csproj", "{DA2C329D-6245-474E-A221-06F9C9F55A2F}"
EndProject
Project("{FAE04EC0-301F-11D3-BF4B-00C04F79EFBC}") = "ITS.Infrastructure.ApplicationServices", "ITS.Infrastructure.ApplicationServices\ITS.Infrastructure.ApplicationServices.csproj", "{98623E3E-1C36-49DB-A454-2F6218F49BD4}"
EndProject
Project("{FAE04EC0-301F-11D3-BF4B-00C04F79EFBC}") = "ITS.Infrastructure.ApplicationServices.Contracts", "ITS.Infrastructure.ApplicationServices.Contracts\ITS.Infrastructure.ApplicationServices.Contracts.csproj", "{9CBA572E-1676-4555-97B2-CE2F5BDD930B}"
EndProject
Project("{FAE04EC0-301F-11D3-BF4B-00C04F79EFBC}") = "ITS.Infrastructure.DependencyResolution", "ITS.Infrastructure.DependencyResolution\ITS.Infrastructure.DependencyResolution.csproj", "{20B38656-C9EE-41E7-8920-155621714C29}"
EndProject
Project("{FAE04EC0-301F-11D3-BF4B-00C04F79EFBC}") = "ITS.Infrastructure.ApplicationFilters", "ITS.Infrastructure.ApplicationFilters\ITS.Infrastructure.ApplicationFilters.csproj", "{B33B0324-1E86-4B8D-B187-9E9765CA5CE7}"
EndProject
Global
	GlobalSection(TeamFoundationVersionControl) = preSolution
		SccNumberOfProjects = 10
		SccEnterpriseProvider = {4CA58AB2-18FA-4F8D-95D4-32DDF27D184C}
		SccTeamFoundationServer = http://tfs.hcrg.com:8080/tfs/hcrg
		SccLocalPath0 = .
		SccProjectUniqueName1 = ITS\\ITS.Web.csproj
		SccProjectTopLevelParentUniqueName1 = ITS.sln
		SccProjectName1 = ITS
		SccLocalPath1 = ITS
		SccProjectUniqueName2 = ITS.Domain.Models\\ITS.Domain.Models.csproj
		SccProjectTopLevelParentUniqueName2 = ITS.sln
		SccProjectName2 = ITS.Domain.Models
		SccLocalPath2 = ITS.Domain.Models
		SccProjectUniqueName3 = ITS.Domain.ViewModels\\ITS.Domain.ViewModels.csproj
		SccProjectTopLevelParentUniqueName3 = ITS.sln
		SccProjectName3 = ITS.Domain.ViewModels
		SccLocalPath3 = ITS.Domain.ViewModels
		SccProjectUniqueName4 = ITS.Infrastructure.Global\\ITS.Infrastructure.Global.csproj
		SccProjectTopLevelParentUniqueName4 = ITS.sln
		SccProjectName4 = ITS.Infrastructure.Global
		SccLocalPath4 = ITS.Infrastructure.Global
		SccProjectUniqueName5 = ITS.Infrastructure.Base\\ITS.Infrastructure.Base.csproj
		SccProjectTopLevelParentUniqueName5 = ITS.sln
		SccProjectName5 = ITS.Infrastructure.Base
		SccLocalPath5 = ITS.Infrastructure.Base
		SccProjectUniqueName6 = ITS.Infrastructure.ApplicationServices\\ITS.Infrastructure.ApplicationServices.csproj
		SccProjectTopLevelParentUniqueName6 = ITS.sln
		SccProjectName6 = ITS.Infrastructure.ApplicationServices
		SccLocalPath6 = ITS.Infrastructure.ApplicationServices
		SccProjectUniqueName7 = ITS.Infrastructure.ApplicationServices.Contracts\\ITS.Infrastructure.ApplicationServices.Contracts.csproj
		SccProjectTopLevelParentUniqueName7 = ITS.sln
		SccProjectName7 = ITS.Infrastructure.ApplicationServices.Contracts
		SccLocalPath7 = ITS.Infrastructure.ApplicationServices.Contracts
		SccProjectUniqueName8 = ITS.Infrastructure.DependencyResolution\\ITS.Infrastructure.DependencyResolution.csproj
		SccProjectTopLevelParentUniqueName8 = ITS.sln
		SccProjectName8 = ITS.Infrastructure.DependencyResolution
		SccLocalPath8 = ITS.Infrastructure.DependencyResolution
		SccProjectUniqueName9 = ITS.Infrastructure.ApplicationFilters\\ITS.Infrastructure.ApplicationFilters.csproj
		SccProjectTopLevelParentUniqueName9 = ITS.sln
		SccProjectName9 = ITS.Infrastructure.ApplicationFilters
		SccLocalPath9 = ITS.Infrastructure.ApplicationFilters
	EndGlobalSection
	GlobalSection(TestCaseManagementSettings) = postSolution
		CategoryFile = ITS.vsmdi
	EndGlobalSection
	GlobalSection(SolutionConfigurationPlatforms) = preSolution
		Debug|Any CPU = Debug|Any CPU
		Release|Any CPU = Release|Any CPU
	EndGlobalSection
	GlobalSection(ProjectConfigurationPlatforms) = postSolution
		{02E580E1-F061-470A-BE72-E5A34DA40798}.Debug|Any CPU.ActiveCfg = Debug|Any CPU
		{02E580E1-F061-470A-BE72-E5A34DA40798}.Debug|Any CPU.Build.0 = Debug|Any CPU
		{02E580E1-F061-470A-BE72-E5A34DA40798}.Release|Any CPU.ActiveCfg = Release|Any CPU
		{02E580E1-F061-470A-BE72-E5A34DA40798}.Release|Any CPU.Build.0 = Release|Any CPU
		{3D7D7D4E-454D-4FB0-8FAC-F1897978C329}.Debug|Any CPU.ActiveCfg = Debug|Any CPU
		{3D7D7D4E-454D-4FB0-8FAC-F1897978C329}.Debug|Any CPU.Build.0 = Debug|Any CPU
		{3D7D7D4E-454D-4FB0-8FAC-F1897978C329}.Release|Any CPU.ActiveCfg = Release|Any CPU
		{3D7D7D4E-454D-4FB0-8FAC-F1897978C329}.Release|Any CPU.Build.0 = Release|Any CPU
		{C1AC06FD-F3DB-4BEE-BD78-9FA8CFD81A30}.Debug|Any CPU.ActiveCfg = Debug|Any CPU
		{C1AC06FD-F3DB-4BEE-BD78-9FA8CFD81A30}.Debug|Any CPU.Build.0 = Debug|Any CPU
		{C1AC06FD-F3DB-4BEE-BD78-9FA8CFD81A30}.Release|Any CPU.ActiveCfg = Release|Any CPU
		{C1AC06FD-F3DB-4BEE-BD78-9FA8CFD81A30}.Release|Any CPU.Build.0 = Release|Any CPU
		{C94F8E1B-1115-49E9-89A2-1A56B990E0AE}.Debug|Any CPU.ActiveCfg = Debug|Any CPU
		{C94F8E1B-1115-49E9-89A2-1A56B990E0AE}.Debug|Any CPU.Build.0 = Debug|Any CPU
		{C94F8E1B-1115-49E9-89A2-1A56B990E0AE}.Release|Any CPU.ActiveCfg = Release|Any CPU
		{C94F8E1B-1115-49E9-89A2-1A56B990E0AE}.Release|Any CPU.Build.0 = Release|Any CPU
		{DA2C329D-6245-474E-A221-06F9C9F55A2F}.Debug|Any CPU.ActiveCfg = Debug|Any CPU
		{DA2C329D-6245-474E-A221-06F9C9F55A2F}.Debug|Any CPU.Build.0 = Debug|Any CPU
		{DA2C329D-6245-474E-A221-06F9C9F55A2F}.Release|Any CPU.ActiveCfg = Release|Any CPU
		{DA2C329D-6245-474E-A221-06F9C9F55A2F}.Release|Any CPU.Build.0 = Release|Any CPU
		{98623E3E-1C36-49DB-A454-2F6218F49BD4}.Debug|Any CPU.ActiveCfg = Debug|Any CPU
		{98623E3E-1C36-49DB-A454-2F6218F49BD4}.Debug|Any CPU.Build.0 = Debug|Any CPU
		{98623E3E-1C36-49DB-A454-2F6218F49BD4}.Release|Any CPU.ActiveCfg = Release|Any CPU
		{98623E3E-1C36-49DB-A454-2F6218F49BD4}.Release|Any CPU.Build.0 = Release|Any CPU
		{9CBA572E-1676-4555-97B2-CE2F5BDD930B}.Debug|Any CPU.ActiveCfg = Debug|Any CPU
		{9CBA572E-1676-4555-97B2-CE2F5BDD930B}.Debug|Any CPU.Build.0 = Debug|Any CPU
		{9CBA572E-1676-4555-97B2-CE2F5BDD930B}.Release|Any CPU.ActiveCfg = Release|Any CPU
		{9CBA572E-1676-4555-97B2-CE2F5BDD930B}.Release|Any CPU.Build.0 = Release|Any CPU
		{20B38656-C9EE-41E7-8920-155621714C29}.Debug|Any CPU.ActiveCfg = Debug|Any CPU
		{20B38656-C9EE-41E7-8920-155621714C29}.Debug|Any CPU.Build.0 = Debug|Any CPU
		{20B38656-C9EE-41E7-8920-155621714C29}.Release|Any CPU.ActiveCfg = Release|Any CPU
		{20B38656-C9EE-41E7-8920-155621714C29}.Release|Any CPU.Build.0 = Release|Any CPU
		{B33B0324-1E86-4B8D-B187-9E9765CA5CE7}.Debug|Any CPU.ActiveCfg = Debug|Any CPU
		{B33B0324-1E86-4B8D-B187-9E9765CA5CE7}.Debug|Any CPU.Build.0 = Debug|Any CPU
		{B33B0324-1E86-4B8D-B187-9E9765CA5CE7}.Release|Any CPU.ActiveCfg = Release|Any CPU
		{B33B0324-1E86-4B8D-B187-9E9765CA5CE7}.Release|Any CPU.Build.0 = Release|Any CPU
	EndGlobalSection
	GlobalSection(SolutionProperties) = preSolution
		HideSolutionNode = FALSE
	EndGlobalSection
	GlobalSection(NestedProjects) = preSolution
		{02E580E1-F061-470A-BE72-E5A34DA40798} = {1EC48EF7-73BE-48F2-8650-984186F9F61C}
		{C94F8E1B-1115-49E9-89A2-1A56B990E0AE} = {0515103C-3C88-46E5-89F7-478EE69EC534}
		{DA2C329D-6245-474E-A221-06F9C9F55A2F} = {0515103C-3C88-46E5-89F7-478EE69EC534}
		{98623E3E-1C36-49DB-A454-2F6218F49BD4} = {0515103C-3C88-46E5-89F7-478EE69EC534}
		{9CBA572E-1676-4555-97B2-CE2F5BDD930B} = {0515103C-3C88-46E5-89F7-478EE69EC534}
		{20B38656-C9EE-41E7-8920-155621714C29} = {0515103C-3C88-46E5-89F7-478EE69EC534}
		{B33B0324-1E86-4B8D-B187-9E9765CA5CE7} = {0515103C-3C88-46E5-89F7-478EE69EC534}
		{3D7D7D4E-454D-4FB0-8FAC-F1897978C329} = {3157F93D-4EFB-4AA1-83BE-BF676FF77AEA}
		{C1AC06FD-F3DB-4BEE-BD78-9FA8CFD81A30} = {3157F93D-4EFB-4AA1-83BE-BF676FF77AEA}
	EndGlobalSection
EndGlobal
